
Microsoft Visual Studio Solution File, Format Version 12.00
# Visual Studio Version 17
VisualStudioVersion = 17.2.32630.192
MinimumVisualStudioVersion = 10.0.40219.1
Project("{FAE04EC0-301F-11D3-BF4B-00C04F79EFBC}") = "Hotel.Web", "Hotel.Web\Hotel.Web.csproj", "{99566855-9B88-48F0-8B02-2ED1AA2B5F74}"
EndProject
Project("{FAE04EC0-301F-11D3-BF4B-00C04F79EFBC}") = "Hotel.BizModel", "Hotel.BizModel\Hotel.BizModel.csproj", "{31C37949-045C-4B49-9E89-E5A2CF5AE43D}"
EndProject
Project("{FAE04EC0-301F-11D3-BF4B-00C04F79EFBC}") = "Hotel.DataEntity", "Hotel.DataEntity\Hotel.DataEntity.csproj", "{CC9142C4-1B47-4F9E-AECE-AA56926111BE}"
EndProject
Project("{FAE04EC0-301F-11D3-BF4B-00C04F79EFBC}") = "Hotel.BizLogic", "Hotel.BizLogic\Hotel.BizLogic.csproj", "{4743741C-C646-4481-9BF4-EBBA52DB8CDB}"
EndProject
Project("{FAE04EC0-301F-11D3-BF4B-00C04F79EFBC}") = "Hotel.Util", "Hotel.Util\Hotel.Util.csproj", "{8F18E3F0-2945-4A40-858F-79639093A84E}"
EndProject
Global
	GlobalSection(SolutionConfigurationPlatforms) = preSolution
		Debug|Any CPU = Debug|Any CPU
		Release|Any CPU = Release|Any CPU
	EndGlobalSection
	GlobalSection(ProjectConfigurationPlatforms) = postSolution
		{99566855-9B88-48F0-8B02-2ED1AA2B5F74}.Debug|Any CPU.ActiveCfg = Debug|Any CPU
		{99566855-9B88-48F0-8B02-2ED1AA2B5F74}.Debug|Any CPU.Build.0 = Debug|Any CPU
		{99566855-9B88-48F0-8B02-2ED1AA2B5F74}.Release|Any CPU.ActiveCfg = Release|Any CPU
		{99566855-9B88-48F0-8B02-2ED1AA2B5F74}.Release|Any CPU.Build.0 = Release|Any CPU
		{31C37949-045C-4B49-9E89-E5A2CF5AE43D}.Debug|Any CPU.ActiveCfg = Debug|Any CPU
		{31C37949-045C-4B49-9E89-E5A2CF5AE43D}.Debug|Any CPU.Build.0 = Debug|Any CPU
		{31C37949-045C-4B49-9E89-E5A2CF5AE43D}.Release|Any CPU.ActiveCfg = Release|Any CPU
		{31C37949-045C-4B49-9E89-E5A2CF5AE43D}.Release|Any CPU.Build.0 = Release|Any CPU
		{CC9142C4-1B47-4F9E-AECE-AA56926111BE}.Debug|Any CPU.ActiveCfg = Debug|Any CPU
		{CC9142C4-1B47-4F9E-AECE-AA56926111BE}.Debug|Any CPU.Build.0 = Debug|Any CPU
		{CC9142C4-1B47-4F9E-AECE-AA56926111BE}.Release|Any CPU.ActiveCfg = Release|Any CPU
		{CC9142C4-1B47-4F9E-AECE-AA56926111BE}.Release|Any CPU.Build.0 = Release|Any CPU
		{4743741C-C646-4481-9BF4-EBBA52DB8CDB}.Debug|Any CPU.ActiveCfg = Debug|Any CPU
		{4743741C-C646-4481-9BF4-EBBA52DB8CDB}.Debug|Any CPU.Build.0 = Debug|Any CPU
		{4743741C-C646-4481-9BF4-EBBA52DB8CDB}.Release|Any CPU.ActiveCfg = Release|Any CPU
		{4743741C-C646-4481-9BF4-EBBA52DB8CDB}.Release|Any CPU.Build.0 = Release|Any CPU
		{8F18E3F0-2945-4A40-858F-79639093A84E}.Debug|Any CPU.ActiveCfg = Debug|Any CPU
		{8F18E3F0-2945-4A40-858F-79639093A84E}.Debug|Any CPU.Build.0 = Debug|Any CPU
		{8F18E3F0-2945-4A40-858F-79639093A84E}.Release|Any CPU.ActiveCfg = Release|Any CPU
		{8F18E3F0-2945-4A40-858F-79639093A84E}.Release|Any CPU.Build.0 = Release|Any CPU
	EndGlobalSection
	GlobalSection(SolutionProperties) = preSolution
		HideSolutionNode = FALSE
	EndGlobalSection
	GlobalSection(ExtensibilityGlobals) = postSolution
		SolutionGuid = {78112234-BD33-4EE9-865F-EFB8BB378B96}
	EndGlobalSection
EndGlobal
